
Microsoft Visual Studio Solution File, Format Version 12.00
# Visual Studio Version 16
VisualStudioVersion = 16.0.28621.142
MinimumVisualStudioVersion = 10.0.40219.1
Project("{8BC9CEB8-8B4A-11D0-8D11-00A0C91BC942}") = "2019.11.4", "2019.11.4.vcxproj", "{81127479-CBEC-47DF-B0D6-16169EC29E94}"
EndProject
Global
	GlobalSection(SolutionConfigurationPlatforms) = preSolution
		Debug|x64 = Debug|x64
		Debug|x86 = Debug|x86
		Release|x64 = Release|x64
		Release|x86 = Release|x86
	EndGlobalSection
	GlobalSection(ProjectConfigurationPlatforms) = postSolution
		{81127479-CBEC-47DF-B0D6-16169EC29E94}.Debug|x64.ActiveCfg = Debug|x64
		{81127479-CBEC-47DF-B0D6-16169EC29E94}.Debug|x64.Build.0 = Debug|x64
		{81127479-CBEC-47DF-B0D6-16169EC29E94}.Debug|x86.ActiveCfg = Debug|Win32
		{81127479-CBEC-47DF-B0D6-16169EC29E94}.Debug|x86.Build.0 = Debug|Win32
		{81127479-CBEC-47DF-B0D6-16169EC29E94}.Release|x64.ActiveCfg = Release|x64
		{81127479-CBEC-47DF-B0D6-16169EC29E94}.Release|x64.Build.0 = Release|x64
		{81127479-CBEC-47DF-B0D6-16169EC29E94}.Release|x86.ActiveCfg = Release|Win32
		{81127479-CBEC-47DF-B0D6-16169EC29E94}.Release|x86.Build.0 = Release|Win32
	EndGlobalSection
	GlobalSection(SolutionProperties) = preSolution
		HideSolutionNode = FALSE
	EndGlobalSection
	GlobalSection(ExtensibilityGlobals) = postSolution
		SolutionGuid = {096A63E3-FAA4-4653-96B1-F996817A2904}
	EndGlobalSection
EndGlobal
